
Microsoft Visual Studio Solution File, Format Version 12.00
# Visual Studio Version 16
VisualStudioVersion = 16.0.31702.278
MinimumVisualStudioVersion = 10.0.40219.1
Project("{FAE04EC0-301F-11D3-BF4B-00C04F79EFBC}") = "ToursApp", "ToursApp\ToursApp.csproj", "{38DADF6F-D416-4663-91B9-B38853D32D99}"
EndProject
Global
	GlobalSection(SolutionConfigurationPlatforms) = preSolution
		Debug|Any CPU = Debug|Any CPU
		Release|Any CPU = Release|Any CPU
	EndGlobalSection
	GlobalSection(ProjectConfigurationPlatforms) = postSolution
		{38DADF6F-D416-4663-91B9-B38853D32D99}.Debug|Any CPU.ActiveCfg = Debug|Any CPU
		{38DADF6F-D416-4663-91B9-B38853D32D99}.Debug|Any CPU.Build.0 = Debug|Any CPU
		{38DADF6F-D416-4663-91B9-B38853D32D99}.Release|Any CPU.ActiveCfg = Release|Any CPU
		{38DADF6F-D416-4663-91B9-B38853D32D99}.Release|Any CPU.Build.0 = Release|Any CPU
	EndGlobalSection
	GlobalSection(SolutionProperties) = preSolution
		HideSolutionNode = FALSE
	EndGlobalSection
	GlobalSection(ExtensibilityGlobals) = postSolution
		SolutionGuid = {7A0B7722-C381-4D3C-A633-73E8373CFEF3}
	EndGlobalSection
EndGlobal
